
Microsoft Visual Studio Solution File, Format Version 12.00
# Visual Studio Version 17
VisualStudioVersion = 17.7.34024.191
MinimumVisualStudioVersion = 10.0.40219.1
Project("{FAE04EC0-301F-11D3-BF4B-00C04F79EFBC}") = "AlphaCutter", "AlphaCutter\AlphaCutter.csproj", "{32291DF0-3859-482A-9C97-E937C74EE634}"
EndProject
Global
	GlobalSection(SolutionConfigurationPlatforms) = preSolution
		Debug|Any CPU = Debug|Any CPU
		Release|Any CPU = Release|Any CPU
	EndGlobalSection
	GlobalSection(ProjectConfigurationPlatforms) = postSolution
		{32291DF0-3859-482A-9C97-E937C74EE634}.Debug|Any CPU.ActiveCfg = Debug|Any CPU
		{32291DF0-3859-482A-9C97-E937C74EE634}.Debug|Any CPU.Build.0 = Debug|Any CPU
		{32291DF0-3859-482A-9C97-E937C74EE634}.Release|Any CPU.ActiveCfg = Release|Any CPU
		{32291DF0-3859-482A-9C97-E937C74EE634}.Release|Any CPU.Build.0 = Release|Any CPU
	EndGlobalSection
	GlobalSection(SolutionProperties) = preSolution
		HideSolutionNode = FALSE
	EndGlobalSection
	GlobalSection(ExtensibilityGlobals) = postSolution
		SolutionGuid = {12120633-9C26-4594-9F0C-D295A67F8CC5}
	EndGlobalSection
EndGlobal
